
Microsoft Visual Studio Solution File, Format Version 12.00
Project("{FAE04EC0-301F-11D3-BF4B-00C04F79EFBC}") = "MorningstarOA", "MorningstarOA\MorningstarOA.csproj", "{C636B3B0-9267-4E6B-8745-719560737DFE}"
EndProject
Project("{FAE04EC0-301F-11D3-BF4B-00C04F79EFBC}") = "MorningstarConsole", "MorningstarConsole\MorningstarConsole.csproj", "{CCE56527-EE98-45E1-BD43-51C98730E346}"
EndProject
Global
	GlobalSection(SolutionConfigurationPlatforms) = preSolution
		Debug|Any CPU = Debug|Any CPU
		Release|Any CPU = Release|Any CPU
	EndGlobalSection
	GlobalSection(ProjectConfigurationPlatforms) = postSolution
		{C636B3B0-9267-4E6B-8745-719560737DFE}.Debug|Any CPU.ActiveCfg = Debug|Any CPU
		{C636B3B0-9267-4E6B-8745-719560737DFE}.Debug|Any CPU.Build.0 = Debug|Any CPU
		{C636B3B0-9267-4E6B-8745-719560737DFE}.Release|Any CPU.ActiveCfg = Release|Any CPU
		{C636B3B0-9267-4E6B-8745-719560737DFE}.Release|Any CPU.Build.0 = Release|Any CPU
		{CCE56527-EE98-45E1-BD43-51C98730E346}.Debug|Any CPU.ActiveCfg = Debug|Any CPU
		{CCE56527-EE98-45E1-BD43-51C98730E346}.Debug|Any CPU.Build.0 = Debug|Any CPU
		{CCE56527-EE98-45E1-BD43-51C98730E346}.Release|Any CPU.ActiveCfg = Release|Any CPU
		{CCE56527-EE98-45E1-BD43-51C98730E346}.Release|Any CPU.Build.0 = Release|Any CPU
	EndGlobalSection
EndGlobal
